<?xml version="1.0" encoding="utf-8"?>
<Project ToolsVersion="Current" xmlns="http://schemas.microsoft.com/developer/msbuild/2003">
  <ItemGroup>
    <Filter Include="Source Files">
      <UniqueIdentifier>{30C656B7-B577-4025-8D13-D77728AA0F26}</UniqueIdentifier>
    </Filter>
    <Filter Include="Header Files">
      <UniqueIdentifier>{1A50D2FC-89DF-4F77-9F8D-FE4B7E8D70F6}</UniqueIdentifier>
    </Filter>
    <Filter Include="XAML">
      <UniqueIdentifier>{2609FDE7-3D5B-40C4-A5E6-0DC78040DFE8}</UniqueIdentifier>
    </Filter>
    <Filter Include="Assets">
      <UniqueIdentifier>{03E35E37-9894-407C-A295-5C8187EC5191}</UniqueIdentifier>
    </Filter>
  </ItemGroup>
  <ItemGroup>
    <ApplicationDefinition Include="App.xaml">
      <Filter>XAML</Filter>
    </ApplicationDefinition>
    <Page Include="MainWindow.xaml">
      <Filter>XAML</Filter>
    </Page>
  </ItemGroup>
  <ItemGroup>
    <ClInclude Include="pch.h">
      <Filter>Header Files</Filter>
    </ClInclude>
    <ClInclude Include="resource.h">
      <Filter>Header Files</Filter>
    </ClInclude>
    <ClInclude Include="App.xaml.h">
      <Filter>Header Files</Filter>
    </ClInclude>
    <ClInclude Include="MainWindow.xaml.h">
      <Filter>Header Files</Filter>
    </ClInclude>
    <ClInclude Include="Core\DocumentState.h">
      <Filter>Header Files</Filter>
    </ClInclude>
    <ClInclude Include="Core\HtmlUtil.h">
      <Filter>Header Files</Filter>
    </ClInclude>
    <ClInclude Include="Core\MarkdownRenderer.h">
      <Filter>Header Files</Filter>
    </ClInclude>
    <ClInclude Include="Core\SettingsStore.h">
      <Filter>Header Files</Filter>
    </ClInclude>
    <ClInclude Include="Core\TextEncoding.h">
      <Filter>Header Files</Filter>
    </ClInclude>
    <ClInclude Include="Core\Win32Dialogs.h">
      <Filter>Header Files</Filter>
    </ClInclude>
  </ItemGroup>
  <ItemGroup>
    <ClCompile Include="pch.cpp">
      <Filter>Source Files</Filter>
    </ClCompile>
    <ClCompile Include="App.xaml.cpp">
      <Filter>Source Files</Filter>
    </ClCompile>
    <ClCompile Include="MainWindow.xaml.cpp">
      <Filter>Source Files</Filter>
    </ClCompile>
    <ClCompile Include="Core\DocumentState.cpp">
      <Filter>Source Files</Filter>
    </ClCompile>
    <ClCompile Include="Core\HtmlUtil.cpp">
      <Filter>Source Files</Filter>
    </ClCompile>
    <ClCompile Include="Core\MarkdownRenderer.cpp">
      <Filter>Source Files</Filter>
    </ClCompile>
    <ClCompile Include="Core\SettingsStore.cpp">
      <Filter>Source Files</Filter>
    </ClCompile>
    <ClCompile Include="Core\TextEncoding.cpp">
      <Filter>Source Files</Filter>
    </ClCompile>
    <ClCompile Include="Core\Win32Dialogs.cpp">
      <Filter>Source Files</Filter>
    </ClCompile>
  </ItemGroup>
  <ItemGroup>
    <ResourceCompile Include="MDpad.rc">
      <Filter>Source Files</Filter>
    </ResourceCompile>
  </ItemGroup>
  <ItemGroup>
    <Content Include="Assets\**\*">
      <Filter>Assets</Filter>
    </Content>
    <None Include="Assets\MDpad.ico">
      <Filter>Assets</Filter>
    </None>
  </ItemGroup>
</Project>
